{
  "name": "note-taker",
  "version": "1.0.0",
  "lockfileVersion": 3,
  "requires": true,
  "author": "",
  "description": "",
  "license": "ISC",
  "main": "server.js",
  "type": "module",
  "packages": {},
  "engines": {
    "node": ">=20.10.0"
  },
  "scripts": {
    "start": "node index.mjs",
    "test": "echo \"Error: no test specified\" && exit 1"
  }
}
